
Microsoft Visual Studio Solution File, Format Version 12.00
# Visual Studio Version 17
VisualStudioVersion = 17.11.35303.130
MinimumVisualStudioVersion = 10.0.40219.1
Project("{FAE04EC0-301F-11D3-BF4B-00C04F79EFBC}") = "Project1_AdonetCustomer", "Project1_AdonetCustomer\Project1_AdonetCustomer.csproj", "{FCBF9F90-AB95-44EE-9F45-0DEC2CB21781}"
EndProject
Project("{FAE04EC0-301F-11D3-BF4B-00C04F79EFBC}") = "Project2_EntityFrameworkDbFirstProduct", "Project2_EntityFrameworkDbFirstProduct\Project2_EntityFrameworkDbFirstProduct.csproj", "{08F41A44-BF55-4C5C-A7D7-090F55F02BD1}"
EndProject
Project("{FAE04EC0-301F-11D3-BF4B-00C04F79EFBC}") = "Project3_EntityFrameworkStatistics", "Project3_EntityFrameworkStatistics\Project3_EntityFrameworkStatistics.csproj", "{E2A8E20F-CECD-47AE-91AB-A281FC7D90A1}"
EndProject
Project("{FAE04EC0-301F-11D3-BF4B-00C04F79EFBC}") = "Project4_EntityFrameworkCodeFirstMovie", "Project4_EntityFrameworkCodeFirstMovie\Project4_EntityFrameworkCodeFirstMovie.csproj", "{51E3CC66-A0AD-44D7-A2C2-A7B4B0ECCF42}"
EndProject
Project("{FAE04EC0-301F-11D3-BF4B-00C04F79EFBC}") = "Project5_DapperNorthwind", "Project5_DapperNorthwind\Project5_DapperNorthwind.csproj", "{F8AD7836-D2EC-4030-B4E8-6479B43C3212}"
EndProject
Project("{9A19103F-16F7-4668-BE54-9A1E7A4F7556}") = "Project6_ApiWeather", "Project6_ApiWeather\Project6_ApiWeather.csproj", "{A696A4D2-6D4D-46D3-A693-4251FAC87C60}"
EndProject
Project("{9A19103F-16F7-4668-BE54-9A1E7A4F7556}") = "Project7_ApiWeatherConsume", "Project7_ApiWeatherConsume\Project7_ApiWeatherConsume.csproj", "{A6AADB1E-9E04-40AE-8026-010285642DC2}"
EndProject
Project("{FAE04EC0-301F-11D3-BF4B-00C04F79EFBC}") = "Project8_RapidApiCurrency", "Project8_RapidApiCurrency\Project8_RapidApiCurrency.csproj", "{603B9557-5538-4035-981E-B2EE5289CA03}"
EndProject
Project("{FAE04EC0-301F-11D3-BF4B-00C04F79EFBC}") = "Project9_MongoDbOrder", "Project9_MongoDbOrder\Project9_MongoDbOrder.csproj", "{3186D05D-A597-4CB5-A160-515B7150BCB4}"
EndProject
Project("{FAE04EC0-301F-11D3-BF4B-00C04F79EFBC}") = "Project10_PostgreSQLToDoListApp", "Project10_PostgreSQLToDoListApp\Project10_PostgreSQLToDoListApp.csproj", "{D2B3528A-2393-43AE-BF50-D75C229A8004}"
EndProject
Project("{FAE04EC0-301F-11D3-BF4B-00C04F79EFBC}") = "Project11_TriggerOrderStock", "Project11_TriggerOrderStocks\Project11_TriggerOrderStock.csproj", "{9DDFA742-BD0D-4946-9EF0-1714F57CEDA0}"
EndProject
Project("{FAE04EC0-301F-11D3-BF4B-00C04F79EFBC}") = "Project12_JwtToken", "Project12_JwtToken\Project12_JwtToken.csproj", "{544860E1-9731-404E-861F-C88465079A51}"
EndProject
Global
	GlobalSection(SolutionConfigurationPlatforms) = preSolution
		Debug|Any CPU = Debug|Any CPU
		Release|Any CPU = Release|Any CPU
	EndGlobalSection
	GlobalSection(ProjectConfigurationPlatforms) = postSolution
		{FCBF9F90-AB95-44EE-9F45-0DEC2CB21781}.Debug|Any CPU.ActiveCfg = Debug|Any CPU
		{FCBF9F90-AB95-44EE-9F45-0DEC2CB21781}.Debug|Any CPU.Build.0 = Debug|Any CPU
		{FCBF9F90-AB95-44EE-9F45-0DEC2CB21781}.Release|Any CPU.ActiveCfg = Release|Any CPU
		{FCBF9F90-AB95-44EE-9F45-0DEC2CB21781}.Release|Any CPU.Build.0 = Release|Any CPU
		{08F41A44-BF55-4C5C-A7D7-090F55F02BD1}.Debug|Any CPU.ActiveCfg = Debug|Any CPU
		{08F41A44-BF55-4C5C-A7D7-090F55F02BD1}.Debug|Any CPU.Build.0 = Debug|Any CPU
		{08F41A44-BF55-4C5C-A7D7-090F55F02BD1}.Release|Any CPU.ActiveCfg = Release|Any CPU
		{08F41A44-BF55-4C5C-A7D7-090F55F02BD1}.Release|Any CPU.Build.0 = Release|Any CPU
		{E2A8E20F-CECD-47AE-91AB-A281FC7D90A1}.Debug|Any CPU.ActiveCfg = Debug|Any CPU
		{E2A8E20F-CECD-47AE-91AB-A281FC7D90A1}.Debug|Any CPU.Build.0 = Debug|Any CPU
		{E2A8E20F-CECD-47AE-91AB-A281FC7D90A1}.Release|Any CPU.ActiveCfg = Release|Any CPU
		{E2A8E20F-CECD-47AE-91AB-A281FC7D90A1}.Release|Any CPU.Build.0 = Release|Any CPU
		{51E3CC66-A0AD-44D7-A2C2-A7B4B0ECCF42}.Debug|Any CPU.ActiveCfg = Debug|Any CPU
		{51E3CC66-A0AD-44D7-A2C2-A7B4B0ECCF42}.Debug|Any CPU.Build.0 = Debug|Any CPU
		{51E3CC66-A0AD-44D7-A2C2-A7B4B0ECCF42}.Release|Any CPU.ActiveCfg = Release|Any CPU
		{51E3CC66-A0AD-44D7-A2C2-A7B4B0ECCF42}.Release|Any CPU.Build.0 = Release|Any CPU
		{F8AD7836-D2EC-4030-B4E8-6479B43C3212}.Debug|Any CPU.ActiveCfg = Debug|Any CPU
		{F8AD7836-D2EC-4030-B4E8-6479B43C3212}.Debug|Any CPU.Build.0 = Debug|Any CPU
		{F8AD7836-D2EC-4030-B4E8-6479B43C3212}.Release|Any CPU.ActiveCfg = Release|Any CPU
		{F8AD7836-D2EC-4030-B4E8-6479B43C3212}.Release|Any CPU.Build.0 = Release|Any CPU
		{A696A4D2-6D4D-46D3-A693-4251FAC87C60}.Debug|Any CPU.ActiveCfg = Debug|Any CPU
		{A696A4D2-6D4D-46D3-A693-4251FAC87C60}.Debug|Any CPU.Build.0 = Debug|Any CPU
		{A696A4D2-6D4D-46D3-A693-4251FAC87C60}.Release|Any CPU.ActiveCfg = Release|Any CPU
		{A696A4D2-6D4D-46D3-A693-4251FAC87C60}.Release|Any CPU.Build.0 = Release|Any CPU
		{A6AADB1E-9E04-40AE-8026-010285642DC2}.Debug|Any CPU.ActiveCfg = Debug|Any CPU
		{A6AADB1E-9E04-40AE-8026-010285642DC2}.Debug|Any CPU.Build.0 = Debug|Any CPU
		{A6AADB1E-9E04-40AE-8026-010285642DC2}.Release|Any CPU.ActiveCfg = Release|Any CPU
		{A6AADB1E-9E04-40AE-8026-010285642DC2}.Release|Any CPU.Build.0 = Release|Any CPU
		{603B9557-5538-4035-981E-B2EE5289CA03}.Debug|Any CPU.ActiveCfg = Debug|Any CPU
		{603B9557-5538-4035-981E-B2EE5289CA03}.Debug|Any CPU.Build.0 = Debug|Any CPU
		{603B9557-5538-4035-981E-B2EE5289CA03}.Release|Any CPU.ActiveCfg = Release|Any CPU
		{603B9557-5538-4035-981E-B2EE5289CA03}.Release|Any CPU.Build.0 = Release|Any CPU
		{3186D05D-A597-4CB5-A160-515B7150BCB4}.Debug|Any CPU.ActiveCfg = Debug|Any CPU
		{3186D05D-A597-4CB5-A160-515B7150BCB4}.Debug|Any CPU.Build.0 = Debug|Any CPU
		{3186D05D-A597-4CB5-A160-515B7150BCB4}.Release|Any CPU.ActiveCfg = Release|Any CPU
		{3186D05D-A597-4CB5-A160-515B7150BCB4}.Release|Any CPU.Build.0 = Release|Any CPU
		{D2B3528A-2393-43AE-BF50-D75C229A8004}.Debug|Any CPU.ActiveCfg = Debug|Any CPU
		{D2B3528A-2393-43AE-BF50-D75C229A8004}.Debug|Any CPU.Build.0 = Debug|Any CPU
		{D2B3528A-2393-43AE-BF50-D75C229A8004}.Release|Any CPU.ActiveCfg = Release|Any CPU
		{D2B3528A-2393-43AE-BF50-D75C229A8004}.Release|Any CPU.Build.0 = Release|Any CPU
		{9DDFA742-BD0D-4946-9EF0-1714F57CEDA0}.Debug|Any CPU.ActiveCfg = Debug|Any CPU
		{9DDFA742-BD0D-4946-9EF0-1714F57CEDA0}.Debug|Any CPU.Build.0 = Debug|Any CPU
		{9DDFA742-BD0D-4946-9EF0-1714F57CEDA0}.Release|Any CPU.ActiveCfg = Release|Any CPU
		{9DDFA742-BD0D-4946-9EF0-1714F57CEDA0}.Release|Any CPU.Build.0 = Release|Any CPU
		{544860E1-9731-404E-861F-C88465079A51}.Debug|Any CPU.ActiveCfg = Debug|Any CPU
		{544860E1-9731-404E-861F-C88465079A51}.Debug|Any CPU.Build.0 = Debug|Any CPU
		{544860E1-9731-404E-861F-C88465079A51}.Release|Any CPU.ActiveCfg = Release|Any CPU
		{544860E1-9731-404E-861F-C88465079A51}.Release|Any CPU.Build.0 = Release|Any CPU
	EndGlobalSection
	GlobalSection(SolutionProperties) = preSolution
		HideSolutionNode = FALSE
	EndGlobalSection
	GlobalSection(ExtensibilityGlobals) = postSolution
		SolutionGuid = {7B87A254-19B5-4C13-8CBD-CCD8491FEC53}
	EndGlobalSection
EndGlobal
